// !$*UTF8*$!
{
	archiveVersion = 1;
	classes = {
	};
	objectVersion = 46;
	objects = {

/* Begin PBXBuildFile section */
		34710AFD1B85B71E002DF599 /* AppDelegate.swift in Sources */ = {isa = PBXBuildFile; fileRef = 34710AFC1B85B71E002DF599 /* AppDelegate.swift */; };
		34710AFF1B85B71E002DF599 /* ViewController.swift in Sources */ = {isa = PBXBuildFile; fileRef = 34710AFE1B85B71E002DF599 /* ViewController.swift */; };
		34710B021B85B71E002DF599 /* Main.storyboard in Resources */ = {isa = PBXBuildFile; fileRef = 34710B001B85B71E002DF599 /* Main.storyboard */; };
		34710B041B85B71E002DF599 /* Images.xcassets in Resources */ = {isa = PBXBuildFile; fileRef = 34710B031B85B71E002DF599 /* Images.xcassets */; };
		34710B071B85B71E002DF599 /* LaunchScreen.xib in Resources */ = {isa = PBXBuildFile; fileRef = 34710B051B85B71E002DF599 /* LaunchScreen.xib */; };
		34710B131B85B71E002DF599 /* ProtocolsTests.swift in Sources */ = {isa = PBXBuildFile; fileRef = 34710B121B85B71E002DF599 /* ProtocolsTests.swift */; };
		34710B1D1B85D10F002DF599 /* Nobject.swift in Sources */ = {isa = PBXBuildFile; fileRef = 34710B1C1B85D10F002DF599 /* Nobject.swift */; };
		34710B1F1B85DC9C002DF599 /* secondViewController.swift in Sources */ = {isa = PBXBuildFile; fileRef = 34710B1E1B85DC9C002DF599 /* secondViewController.swift */; };
		C91B18FE2436519AFD00EB70 /* libPods.a in Frameworks */ = {isa = PBXBuildFile; fileRef = A47C28B6B294BEB94C8DBFA5 /* libPods.a */; };
/* End PBXBuildFile section */

/* Begin PBXContainerItemProxy section */
		34710B0D1B85B71E002DF599 /* PBXContainerItemProxy */ = {
			isa = PBXContainerItemProxy;
			containerPortal = 34710AEF1B85B71D002DF599 /* Project object */;
			proxyType = 1;
			remoteGlobalIDString = 34710AF61B85B71D002DF599;
			remoteInfo = Protocols;
		};
/* End PBXContainerItemProxy section */

/* Begin PBXFileReference section */
		34710AF71B85B71D002DF599 /* Protocols.app */ = {isa = PBXFileReference; explicitFileType = wrapper.application; includeInIndex = 0; path = Protocols.app; sourceTree = BUILT_PRODUCTS_DIR; };
		34710AFB1B85B71D002DF599 /* Info.plist */ = {isa = PBXFileReference; lastKnownFileType = text.plist.xml; path = Info.plist; sourceTree = "<group>"; };
		34710AFC1B85B71E002DF599 /* AppDelegate.swift */ = {isa = PBXFileReference; lastKnownFileType = sourcecode.swift; path = AppDelegate.swift; sourceTree = "<group>"; };
		34710AFE1B85B71E002DF599 /* ViewController.swift */ = {isa = PBXFileReference; lastKnownFileType = sourcecode.swift; path = ViewController.swift; sourceTree = "<group>"; };
		34710B011B85B71E002DF599 /* Base */ = {isa = PBXFileReference; lastKnownFileType = file.storyboard; name = Base; path = Base.lproj/Main.storyboard; sourceTree = "<group>"; };
		34710B031B85B71E002DF599 /* Images.xcassets */ = {isa = PBXFileReference; lastKnownFileType = folder.assetcatalog; path = Images.xcassets; sourceTree = "<group>"; };
		34710B061B85B71E002DF599 /* Base */ = {isa = PBXFileReference; lastKnownFileType = file.xib; name = Base; path = Base.lproj/LaunchScreen.xib; sourceTree = "<group>"; };
		34710B0C1B85B71E002DF599 /* ProtocolsTests.xctest */ = {isa = PBXFileReference; explicitFileType = wrapper.cfbundle; includeInIndex = 0; path = ProtocolsTests.xctest; sourceTree = BUILT_PRODUCTS_DIR; };
		34710B111B85B71E002DF599 /* Info.plist */ = {isa = PBXFileReference; lastKnownFileType = text.plist.xml; path = Info.plist; sourceTree = "<group>"; };
		34710B121B85B71E002DF599 /* ProtocolsTests.swift */ = {isa = PBXFileReference; lastKnownFileType = sourcecode.swift; path = ProtocolsTests.swift; sourceTree = "<group>"; };
		34710B1C1B85D10F002DF599 /* Nobject.swift */ = {isa = PBXFileReference; fileEncoding = 4; lastKnownFileType = sourcecode.swift; path = Nobject.swift; sourceTree = "<group>"; };
		34710B1E1B85DC9C002DF599 /* secondViewController.swift */ = {isa = PBXFileReference; fileEncoding = 4; lastKnownFileType = sourcecode.swift; path = secondViewController.swift; sourceTree = "<group>"; };
		348769891B8AFA0F009DBB4F /* Protocols-Bridging-Header.h */ = {isa = PBXFileReference; lastKnownFileType = sourcecode.c.h; path = "Protocols-Bridging-Header.h"; sourceTree = "<group>"; };
		554FB7574C7AEFD35CBAC7D8 /* Pods.release.xcconfig */ = {isa = PBXFileReference; includeInIndex = 1; lastKnownFileType = text.xcconfig; name = Pods.release.xcconfig; path = "Pods/Target Support Files/Pods/Pods.release.xcconfig"; sourceTree = "<group>"; };
		A47C28B6B294BEB94C8DBFA5 /* libPods.a */ = {isa = PBXFileReference; explicitFileType = archive.ar; includeInIndex = 0; path = libPods.a; sourceTree = BUILT_PRODUCTS_DIR; };
		BD09BB14E0F0FCED6808E520 /* Pods.debug.xcconfig */ = {isa = PBXFileReference; includeInIndex = 1; lastKnownFileType = text.xcconfig; name = Pods.debug.xcconfig; path = "Pods/Target Support Files/Pods/Pods.debug.xcconfig"; sourceTree = "<group>"; };
/* End PBXFileReference section */

/* Begin PBXFrameworksBuildPhase section */
		34710AF41B85B71D002DF599 /* Frameworks */ = {
			isa = PBXFrameworksBuildPhase;
			buildActionMask = 2147483647;
			files = (
				C91B18FE2436519AFD00EB70 /* libPods.a in Frameworks */,
			);
			runOnlyForDeploymentPostprocessing = 0;
		};
		34710B091B85B71E002DF599 /* Frameworks */ = {
			isa = PBXFrameworksBuildPhase;
			buildActionMask = 2147483647;
			files = (
			);
			runOnlyForDeploymentPostprocessing = 0;
		};
/* End PBXFrameworksBuildPhase section */

/* Begin PBXGroup section */
		34710AEE1B85B71D002DF599 = {
			isa = PBXGroup;
			children = (
				34710AF91B85B71D002DF599 /* Protocols */,
				34710B0F1B85B71E002DF599 /* ProtocolsTests */,
				34710AF81B85B71D002DF599 /* Products */,
				A95B4EDA4E7201B6078D2632 /* Pods */,
				AB51146D3862770AF2773060 /* Frameworks */,
			);
			sourceTree = "<group>";
		};
		34710AF81B85B71D002DF599 /* Products */ = {
			isa = PBXGroup;
			children = (
				34710AF71B85B71D002DF599 /* Protocols.app */,
				34710B0C1B85B71E002DF599 /* ProtocolsTests.xctest */,
			);
			name = Products;
			sourceTree = "<group>";
		};
		34710AF91B85B71D002DF599 /* Protocols */ = {
			isa = PBXGroup;
			children = (
				34710AFC1B85B71E002DF599 /* AppDelegate.swift */,
				34710AFE1B85B71E002DF599 /* ViewController.swift */,
				34710B1E1B85DC9C002DF599 /* secondViewController.swift */,
				34710B1C1B85D10F002DF599 /* Nobject.swift */,
				34710B001B85B71E002DF599 /* Main.storyboard */,
				34710B031B85B71E002DF599 /* Images.xcassets */,
				34710B051B85B71E002DF599 /* LaunchScreen.xib */,
				34710AFA1B85B71D002DF599 /* Supporting Files */,
				348769891B8AFA0F009DBB4F /* Protocols-Bridging-Header.h */,
			);
			path = Protocols;
			sourceTree = "<group>";
		};
		34710AFA1B85B71D002DF599 /* Supporting Files */ = {
			isa = PBXGroup;
			children = (
				34710AFB1B85B71D002DF599 /* Info.plist */,
			);
			name = "Supporting Files";
			sourceTree = "<group>";
		};
		34710B0F1B85B71E002DF599 /* ProtocolsTests */ = {
			isa = PBXGroup;
			children = (
				34710B121B85B71E002DF599 /* ProtocolsTests.swift */,
				34710B101B85B71E002DF599 /* Supporting Files */,
			);
			path = ProtocolsTests;
			sourceTree = "<group>";
		};
		34710B101B85B71E002DF599 /* Supporting Files */ = {
			isa = PBXGroup;
			children = (
				34710B111B85B71E002DF599 /* Info.plist */,
			);
			name = "Supporting Files";
			sourceTree = "<group>";
		};
		A95B4EDA4E7201B6078D2632 /* Pods */ = {
			isa = PBXGroup;
			children = (
				BD09BB14E0F0FCED6808E520 /* Pods.debug.xcconfig */,
				554FB7574C7AEFD35CBAC7D8 /* Pods.release.xcconfig */,
			);
			name = Pods;
			sourceTree = "<group>";
		};
		AB51146D3862770AF2773060 /* Frameworks */ = {
			isa = PBXGroup;
			children = (
				A47C28B6B294BEB94C8DBFA5 /* libPods.a */,
			);
			name = Frameworks;
			sourceTree = "<group>";
		};
/* End PBXGroup section */

/* Begin PBXNativeTarget section */
		34710AF61B85B71D002DF599 /* Protocols */ = {
			isa = PBXNativeTarget;
			buildConfigurationList = 34710B161B85B71E002DF599 /* Build configuration list for PBXNativeTarget "Protocols" */;
			buildPhases = (
				2C63D2487D5F20DF6337765F /* Check Pods Manifest.lock */,
				34710AF31B85B71D002DF599 /* Sources */,
				34710AF41B85B71D002DF599 /* Frameworks */,
				34710AF51B85B71D002DF599 /* Resources */,
				4762BBC93B8F22060542C33A /* Copy Pods Resources */,
			);
			buildRules = (
			);
			dependencies = (
			);
			name = Protocols;
			productName = Protocols;
			productReference = 34710AF71B85B71D002DF599 /* Protocols.app */;
			productType = "com.apple.product-type.application";
		};
		34710B0B1B85B71E002DF599 /* ProtocolsTests */ = {
			isa = PBXNativeTarget;
			buildConfigurationList = 34710B191B85B71E002DF599 /* Build configuration list for PBXNativeTarget "ProtocolsTests" */;
			buildPhases = (
				34710B081B85B71E002DF599 /* Sources */,
				34710B091B85B71E002DF599 /* Frameworks */,
				34710B0A1B85B71E002DF599 /* Resources */,
			);
			buildRules = (
			);
			dependencies = (
				34710B0E1B85B71E002DF599 /* PBXTargetDependency */,
			);
			name = ProtocolsTests;
			productName = ProtocolsTests;
			productReference = 34710B0C1B85B71E002DF599 /* ProtocolsTests.xctest */;
			productType = "com.apple.product-type.bundle.unit-test";
		};
/* End PBXNativeTarget section */

/* Begin PBXProject section */
		34710AEF1B85B71D002DF599 /* Project object */ = {
			isa = PBXProject;
			attributes = {
				LastUpgradeCheck = 0630;
				ORGANIZATIONNAME = "Abhilash Reddy Kallepu";
				TargetAttributes = {
					34710AF61B85B71D002DF599 = {
						CreatedOnToolsVersion = 6.3.1;
					};
					34710B0B1B85B71E002DF599 = {
						CreatedOnToolsVersion = 6.3.1;
						TestTargetID = 34710AF61B85B71D002DF599;
					};
				};
			};
			buildConfigurationList = 34710AF21B85B71D002DF599 /* Build configuration list for PBXProject "Protocols" */;
			compatibilityVersion = "Xcode 3.2";
			developmentRegion = English;
			hasScannedForEncodings = 0;
			knownRegions = (
				en,
				Base,
			);
			mainGroup = 34710AEE1B85B71D002DF599;
			productRefGroup = 34710AF81B85B71D002DF599 /* Products */;
			projectDirPath = "";
			projectRoot = "";
			targets = (
				34710AF61B85B71D002DF599 /* Protocols */,
				34710B0B1B85B71E002DF599 /* ProtocolsTests */,
			);
		};
/* End PBXProject section */

/* Begin PBXResourcesBuildPhase section */
		34710AF51B85B71D002DF599 /* Resources */ = {
			isa = PBXResourcesBuildPhase;
			buildActionMask = 2147483647;
			files = (
				34710B021B85B71E002DF599 /* Main.storyboard in Resources */,
				34710B071B85B71E002DF599 /* LaunchScreen.xib in Resources */,
				34710B041B85B71E002DF599 /* Images.xcassets in Resources */,
			);
			runOnlyForDeploymentPostprocessing = 0;
		};
		34710B0A1B85B71E002DF599 /* Resources */ = {
			isa = PBXResourcesBuildPhase;
			buildActionMask = 2147483647;
			files = (
			);
			runOnlyForDeploymentPostprocessing = 0;
		};
/* End PBXResourcesBuildPhase section */

/* Begin PBXShellScriptBuildPhase section */
		2C63D2487D5F20DF6337765F /* Check Pods Manifest.lock */ = {
			isa = PBXShellScriptBuildPhase;
			buildActionMask = 2147483647;
			files = (
			);
			inputPaths = (
			);
			name = "Check Pods Manifest.lock";
			outputPaths = (
			);
			runOnlyForDeploymentPostprocessing = 0;
			shellPath = /bin/sh;
			shellScript = "diff \"${PODS_ROOT}/../Podfile.lock\" \"${PODS_ROOT}/Manifest.lock\" > /dev/null\nif [[ $? != 0 ]] ; then\n    cat << EOM\nerror: The sandbox is not in sync with the Podfile.lock. Run 'pod install' or update your CocoaPods installation.\nEOM\n    exit 1\nfi\n";
			showEnvVarsInLog = 0;
		};
		4762BBC93B8F22060542C33A /* Copy Pods Resources */ = {
			isa = PBXShellScriptBuildPhase;
			buildActionMask = 2147483647;
			files = (
			);
			inputPaths = (
			);
			name = "Copy Pods Resources";
			outputPaths = (
			);
			runOnlyForDeploymentPostprocessing = 0;
			shellPath = /bin/sh;
			shellScript = "\"${SRCROOT}/Pods/Target Support Files/Pods/Pods-resources.sh\"\n";
			showEnvVarsInLog = 0;
		};
/* End PBXShellScriptBuildPhase section */

/* Begin PBXSourcesBuildPhase section */
		34710AF31B85B71D002DF599 /* Sources */ = {
			isa = PBXSourcesBuildPhase;
			buildActionMask = 2147483647;
			files = (
				34710B1F1B85DC9C002DF599 /* secondViewController.swift in Sources */,
				34710AFF1B85B71E002DF599 /* ViewController.swift in Sources */,
				34710B1D1B85D10F002DF599 /* Nobject.swift in Sources */,
				34710AFD1B85B71E002DF599 /* AppDelegate.swift in Sources */,
			);
			runOnlyForDeploymentPostprocessing = 0;
		};
		34710B081B85B71E002DF599 /* Sources */ = {
			isa = PBXSourcesBuildPhase;
			buildActionMask = 2147483647;
			files = (
				34710B131B85B71E002DF599 /* ProtocolsTests.swift in Sources */,
			);
			runOnlyForDeploymentPostprocessing = 0;
		};
/* End PBXSourcesBuildPhase section */

/* Begin PBXTargetDependency section */
		34710B0E1B85B71E002DF599 /* PBXTargetDependency */ = {
			isa = PBXTargetDependency;
			target = 34710AF61B85B71D002DF599 /* Protocols */;
			targetProxy = 34710B0D1B85B71E002DF599 /* PBXContainerItemProxy */;
		};
/* End PBXTargetDependency section */

/* Begin PBXVariantGroup section */
		34710B001B85B71E002DF599 /* Main.storyboard */ = {
			isa = PBXVariantGroup;
			children = (
				34710B011B85B71E002DF599 /* Base */,
			);
			name = Main.storyboard;
			sourceTree = "<group>";
		};
		34710B051B85B71E002DF599 /* LaunchScreen.xib */ = {
			isa = PBXVariantGroup;
			children = (
				34710B061B85B71E002DF599 /* Base */,
			);
			name = LaunchScreen.xib;
			sourceTree = "<group>";
		};
/* End PBXVariantGroup section */

/* Begin XCBuildConfiguration section */
		34710B141B85B71E002DF599 /* Debug */ = {
			isa = XCBuildConfiguration;
			buildSettings = {
				ALWAYS_SEARCH_USER_PATHS = NO;
				CLANG_CXX_LANGUAGE_STANDARD = "gnu++0x";
				CLANG_CXX_LIBRARY = "libc++";
				CLANG_ENABLE_MODULES = YES;
				CLANG_ENABLE_OBJC_ARC = YES;
				CLANG_WARN_BOOL_CONVERSION = YES;
				CLANG_WARN_CONSTANT_CONVERSION = YES;
				CLANG_WARN_DIRECT_OBJC_ISA_USAGE = YES_ERROR;
				CLANG_WARN_EMPTY_BODY = YES;
				CLANG_WARN_ENUM_CONVERSION = YES;
				CLANG_WARN_INT_CONVERSION = YES;
				CLANG_WARN_OBJC_ROOT_CLASS = YES_ERROR;
				CLANG_WARN_UNREACHABLE_CODE = YES;
				CLANG_WARN__DUPLICATE_METHOD_MATCH = YES;
				"CODE_SIGN_IDENTITY[sdk=iphoneos*]" = "iPhone Developer";
				COPY_PHASE_STRIP = NO;
				DEBUG_INFORMATION_FORMAT = "dwarf-with-dsym";
				ENABLE_STRICT_OBJC_MSGSEND = YES;
				GCC_C_LANGUAGE_STANDARD = gnu99;
				GCC_DYNAMIC_NO_PIC = NO;
				GCC_NO_COMMON_BLOCKS = YES;
				GCC_OPTIMIZATION_LEVEL = 0;
				GCC_PREPROCESSOR_DEFINITIONS = (
					"DEBUG=1",
					"$(inherited)",
				);
				GCC_SYMBOLS_PRIVATE_EXTERN = NO;
				GCC_WARN_64_TO_32_BIT_CONVERSION = YES;
				GCC_WARN_ABOUT_RETURN_TYPE = YES_ERROR;
				GCC_WARN_UNDECLARED_SELECTOR = YES;
				GCC_WARN_UNINITIALIZED_AUTOS = YES_AGGRESSIVE;
				GCC_WARN_UNUSED_FUNCTION = YES;
				GCC_WARN_UNUSED_VARIABLE = YES;
				IPHONEOS_DEPLOYMENT_TARGET = 8.3;
				MTL_ENABLE_DEBUG_INFO = YES;
				ONLY_ACTIVE_ARCH = YES;
				SDKROOT = iphoneos;
				SWIFT_OPTIMIZATION_LEVEL = "-Onone";
			};
			name = Debug;
		};
		34710B151B85B71E002DF599 /* Release */ = {
			isa = XCBuildConfiguration;
			buildSettings = {
				ALWAYS_SEARCH_USER_PATHS = NO;
				CLANG_CXX_LANGUAGE_STANDARD = "gnu++0x";
				CLANG_CXX_LIBRARY = "libc++";
				CLANG_ENABLE_MODULES = YES;
				CLANG_ENABLE_OBJC_ARC = YES;
				CLANG_WARN_BOOL_CONVERSION = YES;
				CLANG_WARN_CONSTANT_CONVERSION = YES;
				CLANG_WARN_DIRECT_OBJC_ISA_USAGE = YES_ERROR;
				CLANG_WARN_EMPTY_BODY = YES;
				CLANG_WARN_ENUM_CONVERSION = YES;
				CLANG_WARN_INT_CONVERSION = YES;
				CLANG_WARN_OBJC_ROOT_CLASS = YES_ERROR;
				CLANG_WARN_UNREACHABLE_CODE = YES;
				CLANG_WARN__DUPLICATE_METHOD_MATCH = YES;
				"CODE_SIGN_IDENTITY[sdk=iphoneos*]" = "iPhone Developer";
				COPY_PHASE_STRIP = NO;
				DEBUG_INFORMATION_FORMAT = "dwarf-with-dsym";
				ENABLE_NS_ASSERTIONS = NO;
				ENABLE_STRICT_OBJC_MSGSEND = YES;
				GCC_C_LANGUAGE_STANDARD = gnu99;
				GCC_NO_COMMON_BLOCKS = YES;
				GCC_WARN_64_TO_32_BIT_CONVERSION = YES;
				GCC_WARN_ABOUT_RETURN_TYPE = YES_ERROR;
				GCC_WARN_UNDECLARED_SELECTOR = YES;
				GCC_WARN_UNINITIALIZED_AUTOS = YES_AGGRESSIVE;
				GCC_WARN_UNUSED_FUNCTION = YES;
				GCC_WARN_UNUSED_VARIABLE = YES;
				IPHONEOS_DEPLOYMENT_TARGET = 8.3;
				MTL_ENABLE_DEBUG_INFO = NO;
				SDKROOT = iphoneos;
				VALIDATE_PRODUCT = YES;
			};
			name = Release;
		};
		34710B171B85B71E002DF599 /* Debug */ = {
			isa = XCBuildConfiguration;
			baseConfigurationReference = BD09BB14E0F0FCED6808E520 /* Pods.debug.xcconfig */;
			buildSettings = {
				ASSETCATALOG_COMPILER_APPICON_NAME = AppIcon;
				CLANG_ENABLE_MODULES = YES;
				GCC_PREFIX_HEADER = "Protocols/Protocols-Prefix.pch";
				INFOPLIST_FILE = Protocols/Info.plist;
				LD_RUNPATH_SEARCH_PATHS = "$(inherited) @executable_path/Frameworks";
				PRODUCT_NAME = "$(TARGET_NAME)";
				SWIFT_OBJC_BRIDGING_HEADER = "Protocols/Protocols-Bridging-Header.h";
				SWIFT_OPTIMIZATION_LEVEL = "-Onone";
			};
			name = Debug;
		};
		34710B181B85B71E002DF599 /* Release */ = {
			isa = XCBuildConfiguration;
			baseConfigurationReference = 554FB7574C7AEFD35CBAC7D8 /* Pods.release.xcconfig */;
			buildSettings = {
				ASSETCATALOG_COMPILER_APPICON_NAME = AppIcon;
				CLANG_ENABLE_MODULES = YES;
				GCC_PREFIX_HEADER = "Protocols/Protocols-Prefix.pch";
				INFOPLIST_FILE = Protocols/Info.plist;
				LD_RUNPATH_SEARCH_PATHS = "$(inherited) @executable_path/Frameworks";
				PRODUCT_NAME = "$(TARGET_NAME)";
				SWIFT_OBJC_BRIDGING_HEADER = "Protocols/Protocols-Bridging-Header.h";
			};
			name = Release;
		};
		34710B1A1B85B71E002DF599 /* Debug */ = {
			isa = XCBuildConfiguration;
			buildSettings = {
				BUNDLE_LOADER = "$(TEST_HOST)";
				FRAMEWORK_SEARCH_PATHS = (
					"$(SDKROOT)/Developer/Library/Frameworks",
					"$(inherited)",
				);
				GCC_PREPROCESSOR_DEFINITIONS = (
					"DEBUG=1",
					"$(inherited)",
				);
				INFOPLIST_FILE = ProtocolsTests/Info.plist;
				LD_RUNPATH_SEARCH_PATHS = "$(inherited) @executable_path/Frameworks @loader_path/Frameworks";
				PRODUCT_NAME = "$(TARGET_NAME)";
				TEST_HOST = "$(BUILT_PRODUCTS_DIR)/Protocols.app/Protocols";
			};
			name = Debug;
		};
		34710B1B1B85B71E002DF599 /* Release */ = {
			isa = XCBuildConfiguration;
			buildSettings = {
				BUNDLE_LOADER = "$(TEST_HOST)";
				FRAMEWORK_SEARCH_PATHS = (
					"$(SDKROOT)/Developer/Library/Frameworks",
					"$(inherited)",
				);
				INFOPLIST_FILE = ProtocolsTests/Info.plist;
				LD_RUNPATH_SEARCH_PATHS = "$(inherited) @executable_path/Frameworks @loader_path/Frameworks";
				PRODUCT_NAME = "$(TARGET_NAME)";
				TEST_HOST = "$(BUILT_PRODUCTS_DIR)/Protocols.app/Protocols";
			};
			name = Release;
		};
/* End XCBuildConfiguration section */

/* Begin XCConfigurationList section */
		34710AF21B85B71D002DF599 /* Build configuration list for PBXProject "Protocols" */ = {
			isa = XCConfigurationList;
			buildConfigurations = (
				34710B141B85B71E002DF599 /* Debug */,
				34710B151B85B71E002DF599 /* Release */,
			);
			defaultConfigurationIsVisible = 0;
			defaultConfigurationName = Release;
		};
		34710B161B85B71E002DF599 /* Build configuration list for PBXNativeTarget "Protocols" */ = {
			isa = XCConfigurationList;
			buildConfigurations = (
				34710B171B85B71E002DF599 /* Debug */,
				34710B181B85B71E002DF599 /* Release */,
			);
			defaultConfigurationIsVisible = 0;
			defaultConfigurationName = Release;
		};
		34710B191B85B71E002DF599 /* Build configuration list for PBXNativeTarget "ProtocolsTests" */ = {
			isa = XCConfigurationList;
			buildConfigurations = (
				34710B1A1B85B71E002DF599 /* Debug */,
				34710B1B1B85B71E002DF599 /* Release */,
			);
			defaultConfigurationIsVisible = 0;
			defaultConfigurationName = Release;
		};
/* End XCConfigurationList section */
	};
	rootObject = 34710AEF1B85B71D002DF599 /* Project object */;
}
